// !$*UTF8*$!
{
	archiveVersion = 1;
	classes = {
	};
	objectVersion = 46;
	objects = {

/* Begin PBXBuildFile section */
		BBCF82F81E7A2E430037523A /* AppDelegate.swift in Sources */ = {isa = PBXBuildFile; fileRef = BBCF82F71E7A2E430037523A /* AppDelegate.swift */; };
		BBCF82FA1E7A2E430037523A /* ViewController.swift in Sources */ = {isa = PBXBuildFile; fileRef = BBCF82F91E7A2E430037523A /* ViewController.swift */; };
		BBCF82FD1E7A2E430037523A /* Main.storyboard in Resources */ = {isa = PBXBuildFile; fileRef = BBCF82FB1E7A2E430037523A /* Main.storyboard */; };
		BBCF82FF1E7A2E430037523A /* Assets.xcassets in Resources */ = {isa = PBXBuildFile; fileRef = BBCF82FE1E7A2E430037523A /* Assets.xcassets */; };
		BBCF83021E7A2E430037523A /* LaunchScreen.storyboard in Resources */ = {isa = PBXBuildFile; fileRef = BBCF83001E7A2E430037523A /* LaunchScreen.storyboard */; };
		BBCF830B1E7A2E9D0037523A /* iAd.framework in Frameworks */ = {isa = PBXBuildFile; fileRef = BBCF830A1E7A2E9D0037523A /* iAd.framework */; };
/* End PBXBuildFile section */

/* Begin PBXFileReference section */
		BBCF82F41E7A2E430037523A /* Swift-Project-03.app */ = {isa = PBXFileReference; explicitFileType = wrapper.application; includeInIndex = 0; path = "Swift-Project-03.app"; sourceTree = BUILT_PRODUCTS_DIR; };
		BBCF82F71E7A2E430037523A /* AppDelegate.swift */ = {isa = PBXFileReference; lastKnownFileType = sourcecode.swift; path = AppDelegate.swift; sourceTree = "<group>"; };
		BBCF82F91E7A2E430037523A /* ViewController.swift */ = {isa = PBXFileReference; lastKnownFileType = sourcecode.swift; path = ViewController.swift; sourceTree = "<group>"; };
		BBCF82FC1E7A2E430037523A /* Base */ = {isa = PBXFileReference; lastKnownFileType = file.storyboard; name = Base; path = Base.lproj/Main.storyboard; sourceTree = "<group>"; };
		BBCF82FE1E7A2E430037523A /* Assets.xcassets */ = {isa = PBXFileReference; lastKnownFileType = folder.assetcatalog; path = Assets.xcassets; sourceTree = "<group>"; };
		BBCF83011E7A2E430037523A /* Base */ = {isa = PBXFileReference; lastKnownFileType = file.storyboard; name = Base; path = Base.lproj/LaunchScreen.storyboard; sourceTree = "<group>"; };
		BBCF83031E7A2E430037523A /* Info.plist */ = {isa = PBXFileReference; lastKnownFileType = text.plist.xml; path = Info.plist; sourceTree = "<group>"; };
		BBCF830A1E7A2E9D0037523A /* iAd.framework */ = {isa = PBXFileReference; lastKnownFileType = wrapper.framework; name = iAd.framework; path = System/Library/Frameworks/iAd.framework; sourceTree = SDKROOT; };
/* End PBXFileReference section */

/* Begin PBXFrameworksBuildPhase section */
		BBCF82F11E7A2E430037523A /* Frameworks */ = {
			isa = PBXFrameworksBuildPhase;
			buildActionMask = 2147483647;
			files = (
				BBCF830B1E7A2E9D0037523A /* iAd.framework in Frameworks */,
			);
			runOnlyForDeploymentPostprocessing = 0;
		};
/* End PBXFrameworksBuildPhase section */

/* Begin PBXGroup section */
		BBCF82EB1E7A2E430037523A = {
			isa = PBXGroup;
			children = (
				BBCF82F61E7A2E430037523A /* Swift-Project-03 */,
				BBCF82F51E7A2E430037523A /* Products */,
				BBCF83091E7A2E9D0037523A /* Frameworks */,
			);
			sourceTree = "<group>";
		};
		BBCF82F51E7A2E430037523A /* Products */ = {
			isa = PBXGroup;
			children = (
				BBCF82F41E7A2E430037523A /* Swift-Project-03.app */,
			);
			name = Products;
			sourceTree = "<group>";
		};
		BBCF82F61E7A2E430037523A /* Swift-Project-03 */ = {
			isa = PBXGroup;
			children = (
				BBCF82F71E7A2E430037523A /* AppDelegate.swift */,
				BBCF82F91E7A2E430037523A /* ViewController.swift */,
				BBCF82FB1E7A2E430037523A /* Main.storyboard */,
				BBCF82FE1E7A2E430037523A /* Assets.xcassets */,
				BBCF83001E7A2E430037523A /* LaunchScreen.storyboard */,
				BBCF83031E7A2E430037523A /* Info.plist */,
			);
			path = "Swift-Project-03";
			sourceTree = "<group>";
		};
		BBCF83091E7A2E9D0037523A /* Frameworks */ = {
			isa = PBXGroup;
			children = (
				BBCF830A1E7A2E9D0037523A /* iAd.framework */,
			);
			name = Frameworks;
			sourceTree = "<group>";
		};
/* End PBXGroup section */

/* Begin PBXNativeTarget section */
		BBCF82F31E7A2E430037523A /* Swift-Project-03 */ = {
			isa = PBXNativeTarget;
			buildConfigurationList = BBCF83061E7A2E430037523A /* Build configuration list for PBXNativeTarget "Swift-Project-03" */;
			buildPhases = (
				BBCF82F01E7A2E430037523A /* Sources */,
				BBCF82F11E7A2E430037523A /* Frameworks */,
				BBCF82F21E7A2E430037523A /* Resources */,
			);
			buildRules = (
			);
			dependencies = (
			);
			name = "Swift-Project-03";
			productName = "Swift-Project-03";
			productReference = BBCF82F41E7A2E430037523A /* Swift-Project-03.app */;
			productType = "com.apple.product-type.application";
		};
/* End PBXNativeTarget section */

/* Begin PBXProject section */
		BBCF82EC1E7A2E430037523A /* Project object */ = {
			isa = PBXProject;
			attributes = {
				LastSwiftUpdateCheck = 0820;
				LastUpgradeCheck = 0820;
				ORGANIZATIONNAME = Appcoda;
				TargetAttributes = {
					BBCF82F31E7A2E430037523A = {
						CreatedOnToolsVersion = 8.2.1;
						DevelopmentTeam = 8SLE82YTRY;
						ProvisioningStyle = Automatic;
					};
				};
			};
			buildConfigurationList = BBCF82EF1E7A2E430037523A /* Build configuration list for PBXProject "Swift-Project-03" */;
			compatibilityVersion = "Xcode 3.2";
			developmentRegion = English;
			hasScannedForEncodings = 0;
			knownRegions = (
				en,
				Base,
			);
			mainGroup = BBCF82EB1E7A2E430037523A;
			productRefGroup = BBCF82F51E7A2E430037523A /* Products */;
			projectDirPath = "";
			projectRoot = "";
			targets = (
				BBCF82F31E7A2E430037523A /* Swift-Project-03 */,
			);
		};
/* End PBXProject section */

/* Begin PBXResourcesBuildPhase section */
		BBCF82F21E7A2E430037523A /* Resources */ = {
			isa = PBXResourcesBuildPhase;
			buildActionMask = 2147483647;
			files = (
				BBCF83021E7A2E430037523A /* LaunchScreen.storyboard in Resources */,
				BBCF82FF1E7A2E430037523A /* Assets.xcassets in Resources */,
				BBCF82FD1E7A2E430037523A /* Main.storyboard in Resources */,
			);
			runOnlyForDeploymentPostprocessing = 0;
		};
/* End PBXResourcesBuildPhase section */

/* Begin PBXSourcesBuildPhase section */
		BBCF82F01E7A2E430037523A /* Sources */ = {
			isa = PBXSourcesBuildPhase;
			buildActionMask = 2147483647;
			files = (
				BBCF82FA1E7A2E430037523A /* ViewController.swift in Sources */,
				BBCF82F81E7A2E430037523A /* AppDelegate.swift in Sources */,
			);
			runOnlyForDeploymentPostprocessing = 0;
		};
/* End PBXSourcesBuildPhase section */

/* Begin PBXVariantGroup section */
		BBCF82FB1E7A2E430037523A /* Main.storyboard */ = {
			isa = PBXVariantGroup;
			children = (
				BBCF82FC1E7A2E430037523A /* Base */,
			);
			name = Main.storyboard;
			sourceTree = "<group>";
		};
		BBCF83001E7A2E430037523A /* LaunchScreen.storyboard */ = {
			isa = PBXVariantGroup;
			children = (
				BBCF83011E7A2E430037523A /* Base */,
			);
			name = LaunchScreen.storyboard;
			sourceTree = "<group>";
		};
/* End PBXVariantGroup section */

/* Begin XCBuildConfiguration section */
		BBCF83041E7A2E430037523A /* Debug */ = {
			isa = XCBuildConfiguration;
			buildSettings = {
				ALWAYS_SEARCH_USER_PATHS = NO;
				CLANG_ANALYZER_NONNULL = YES;
				CLANG_CXX_LANGUAGE_STANDARD = "gnu++0x";
				CLANG_CXX_LIBRARY = "libc++";
				CLANG_ENABLE_MODULES = YES;
				CLANG_ENABLE_OBJC_ARC = YES;
				CLANG_WARN_BOOL_CONVERSION = YES;
				CLANG_WARN_CONSTANT_CONVERSION = YES;
				CLANG_WARN_DIRECT_OBJC_ISA_USAGE = YES_ERROR;
				CLANG_WARN_DOCUMENTATION_COMMENTS = YES;
				CLANG_WARN_EMPTY_BODY = YES;
				CLANG_WARN_ENUM_CONVERSION = YES;
				CLANG_WARN_INFINITE_RECURSION = YES;
				CLANG_WARN_INT_CONVERSION = YES;
				CLANG_WARN_OBJC_ROOT_CLASS = YES_ERROR;
				CLANG_WARN_SUSPICIOUS_MOVE = YES;
				CLANG_WARN_UNREACHABLE_CODE = YES;
				CLANG_WARN__DUPLICATE_METHOD_MATCH = YES;
				"CODE_SIGN_IDENTITY[sdk=iphoneos*]" = "iPhone Developer";
				COPY_PHASE_STRIP = NO;
				DEBUG_INFORMATION_FORMAT = dwarf;
				ENABLE_STRICT_OBJC_MSGSEND = YES;
				ENABLE_TESTABILITY = YES;
				GCC_C_LANGUAGE_STANDARD = gnu99;
				GCC_DYNAMIC_NO_PIC = NO;
				GCC_NO_COMMON_BLOCKS = YES;
				GCC_OPTIMIZATION_LEVEL = 0;
				GCC_PREPROCESSOR_DEFINITIONS = (
					"DEBUG=1",
					"$(inherited)",
				);
				GCC_WARN_64_TO_32_BIT_CONVERSION = YES;
				GCC_WARN_ABOUT_RETURN_TYPE = YES_ERROR;
				GCC_WARN_UNDECLARED_SELECTOR = YES;
				GCC_WARN_UNINITIALIZED_AUTOS = YES_AGGRESSIVE;
				GCC_WARN_UNUSED_FUNCTION = YES;
				GCC_WARN_UNUSED_VARIABLE = YES;
				IPHONEOS_DEPLOYMENT_TARGET = 10.2;
				MTL_ENABLE_DEBUG_INFO = YES;
				ONLY_ACTIVE_ARCH = YES;
				SDKROOT = iphoneos;
				SWIFT_ACTIVE_COMPILATION_CONDITIONS = DEBUG;
				SWIFT_OPTIMIZATION_LEVEL = "-Onone";
			};
			name = Debug;
		};
		BBCF83051E7A2E430037523A /* Release */ = {
			isa = XCBuildConfiguration;
			buildSettings = {
				ALWAYS_SEARCH_USER_PATHS = NO;
				CLANG_ANALYZER_NONNULL = YES;
				CLANG_CXX_LANGUAGE_STANDARD = "gnu++0x";
				CLANG_CXX_LIBRARY = "libc++";
				CLANG_ENABLE_MODULES = YES;
				CLANG_ENABLE_OBJC_ARC = YES;
				CLANG_WARN_BOOL_CONVERSION = YES;
				CLANG_WARN_CONSTANT_CONVERSION = YES;
				CLANG_WARN_DIRECT_OBJC_ISA_USAGE = YES_ERROR;
				CLANG_WARN_DOCUMENTATION_COMMENTS = YES;
				CLANG_WARN_EMPTY_BODY = YES;
				CLANG_WARN_ENUM_CONVERSION = YES;
				CLANG_WARN_INFINITE_RECURSION = YES;
				CLANG_WARN_INT_CONVERSION = YES;
				CLANG_WARN_OBJC_ROOT_CLASS = YES_ERROR;
				CLANG_WARN_SUSPICIOUS_MOVE = YES;
				CLANG_WARN_UNREACHABLE_CODE = YES;
				CLANG_WARN__DUPLICATE_METHOD_MATCH = YES;
				"CODE_SIGN_IDENTITY[sdk=iphoneos*]" = "iPhone Developer";
				COPY_PHASE_STRIP = NO;
				DEBUG_INFORMATION_FORMAT = "dwarf-with-dsym";
				ENABLE_NS_ASSERTIONS = NO;
				ENABLE_STRICT_OBJC_MSGSEND = YES;
				GCC_C_LANGUAGE_STANDARD = gnu99;
				GCC_NO_COMMON_BLOCKS = YES;
				GCC_WARN_64_TO_32_BIT_CONVERSION = YES;
				GCC_WARN_ABOUT_RETURN_TYPE = YES_ERROR;
				GCC_WARN_UNDECLARED_SELECTOR = YES;
				GCC_WARN_UNINITIALIZED_AUTOS = YES_AGGRESSIVE;
				GCC_WARN_UNUSED_FUNCTION = YES;
				GCC_WARN_UNUSED_VARIABLE = YES;
				IPHONEOS_DEPLOYMENT_TARGET = 10.2;
				MTL_ENABLE_DEBUG_INFO = NO;
				SDKROOT = iphoneos;
				SWIFT_OPTIMIZATION_LEVEL = "-Owholemodule";
				VALIDATE_PRODUCT = YES;
			};
			name = Release;
		};
		BBCF83071E7A2E430037523A /* Debug */ = {
			isa = XCBuildConfiguration;
			buildSettings = {
				ASSETCATALOG_COMPILER_APPICON_NAME = AppIcon;
				DEVELOPMENT_TEAM = 8SLE82YTRY;
				INFOPLIST_FILE = "Swift-Project-03/Info.plist";
				IPHONEOS_DEPLOYMENT_TARGET = 9.0;
				LD_RUNPATH_SEARCH_PATHS = "$(inherited) @executable_path/Frameworks";
				PRODUCT_BUNDLE_IDENTIFIER = "com.appcoda.Swift-Project-03";
				PRODUCT_NAME = "$(TARGET_NAME)";
				SWIFT_VERSION = 3.0;
			};
			name = Debug;
		};
		BBCF83081E7A2E430037523A /* Release */ = {
			isa = XCBuildConfiguration;
			buildSettings = {
				ASSETCATALOG_COMPILER_APPICON_NAME = AppIcon;
				DEVELOPMENT_TEAM = 8SLE82YTRY;
				INFOPLIST_FILE = "Swift-Project-03/Info.plist";
				IPHONEOS_DEPLOYMENT_TARGET = 9.0;
				LD_RUNPATH_SEARCH_PATHS = "$(inherited) @executable_path/Frameworks";
				PRODUCT_BUNDLE_IDENTIFIER = "com.appcoda.Swift-Project-03";
				PRODUCT_NAME = "$(TARGET_NAME)";
				SWIFT_VERSION = 3.0;
			};
			name = Release;
		};
/* End XCBuildConfiguration section */

/* Begin XCConfigurationList section */
		BBCF82EF1E7A2E430037523A /* Build configuration list for PBXProject "Swift-Project-03" */ = {
			isa = XCConfigurationList;
			buildConfigurations = (
				BBCF83041E7A2E430037523A /* Debug */,
				BBCF83051E7A2E430037523A /* Release */,
			);
			defaultConfigurationIsVisible = 0;
			defaultConfigurationName = Release;
		};
		BBCF83061E7A2E430037523A /* Build configuration list for PBXNativeTarget "Swift-Project-03" */ = {
			isa = XCConfigurationList;
			buildConfigurations = (
				BBCF83071E7A2E430037523A /* Debug */,
				BBCF83081E7A2E430037523A /* Release */,
			);
			defaultConfigurationIsVisible = 0;
		};
/* End XCConfigurationList section */
	};
	rootObject = BBCF82EC1E7A2E430037523A /* Project object */;
}
